
Microsoft Visual Studio Solution File, Format Version 12.00
Project("{FAE04EC0-301F-11D3-BF4B-00C04F79EFBC}") = "Project1", "Project1\Project1.csproj", "{28C2826B-E033-4552-8A6D-A0CDC2E0BDE1}"
EndProject
Project("{FAE04EC0-301F-11D3-BF4B-00C04F79EFBC}") = "Project2", "Project2\Project2.csproj", "{0486CB6C-BFE8-4886-B930-0A45D219E58B}"
EndProject
Global
	GlobalSection(SolutionConfigurationPlatforms) = preSolution
		Debug|Any CPU = Debug|Any CPU
		Release|Any CPU = Release|Any CPU
	EndGlobalSection
	GlobalSection(ProjectConfigurationPlatforms) = postSolution
		{28C2826B-E033-4552-8A6D-A0CDC2E0BDE1}.Debug|Any CPU.ActiveCfg = Debug|Any CPU
		{28C2826B-E033-4552-8A6D-A0CDC2E0BDE1}.Debug|Any CPU.Build.0 = Debug|Any CPU
		{28C2826B-E033-4552-8A6D-A0CDC2E0BDE1}.Release|Any CPU.ActiveCfg = Release|Any CPU
		{28C2826B-E033-4552-8A6D-A0CDC2E0BDE1}.Release|Any CPU.Build.0 = Release|Any CPU
		{0486CB6C-BFE8-4886-B930-0A45D219E58B}.Debug|Any CPU.ActiveCfg = Debug|Any CPU
		{0486CB6C-BFE8-4886-B930-0A45D219E58B}.Debug|Any CPU.Build.0 = Debug|Any CPU
		{0486CB6C-BFE8-4886-B930-0A45D219E58B}.Release|Any CPU.ActiveCfg = Release|Any CPU
		{0486CB6C-BFE8-4886-B930-0A45D219E58B}.Release|Any CPU.Build.0 = Release|Any CPU
	EndGlobalSection
EndGlobal
